// !$*UTF8*$!
{
	archiveVersion = 1;
	classes = {
	};
	objectVersion = 46;
	objects = {

/* Begin PBXBuildFile section */
		FE4337E61EE94AAA00925D4F /* main.m in Sources */ = {isa = PBXBuildFile; fileRef = FE4337E51EE94AAA00925D4F /* main.m */; };
		FE4337E91EE94AAA00925D4F /* AppDelegate.m in Sources */ = {isa = PBXBuildFile; fileRef = FE4337E81EE94AAA00925D4F /* AppDelegate.m */; };
		FE4337EC1EE94AAA00925D4F /* ViewController.m in Sources */ = {isa = PBXBuildFile; fileRef = FE4337EB1EE94AAA00925D4F /* ViewController.m */; };
		FE4337EF1EE94AAA00925D4F /* Main.storyboard in Resources */ = {isa = PBXBuildFile; fileRef = FE4337ED1EE94AAA00925D4F /* Main.storyboard */; };
		FE4337F11EE94AAA00925D4F /* Assets.xcassets in Resources */ = {isa = PBXBuildFile; fileRef = FE4337F01EE94AAA00925D4F /* Assets.xcassets */; };
		FE4337F41EE94AAB00925D4F /* LaunchScreen.storyboard in Resources */ = {isa = PBXBuildFile; fileRef = FE4337F21EE94AAB00925D4F /* LaunchScreen.storyboard */; };
/* End PBXBuildFile section */

/* Begin PBXFileReference section */
		FE4337E11EE94AAA00925D4F /* Clock.app */ = {isa = PBXFileReference; explicitFileType = wrapper.application; includeInIndex = 0; path = Clock.app; sourceTree = BUILT_PRODUCTS_DIR; };
		FE4337E51EE94AAA00925D4F /* main.m */ = {isa = PBXFileReference; lastKnownFileType = sourcecode.c.objc; path = main.m; sourceTree = "<group>"; };
		FE4337E71EE94AAA00925D4F /* AppDelegate.h */ = {isa = PBXFileReference; lastKnownFileType = sourcecode.c.h; path = AppDelegate.h; sourceTree = "<group>"; };
		FE4337E81EE94AAA00925D4F /* AppDelegate.m */ = {isa = PBXFileReference; lastKnownFileType = sourcecode.c.objc; path = AppDelegate.m; sourceTree = "<group>"; };
		FE4337EA1EE94AAA00925D4F /* ViewController.h */ = {isa = PBXFileReference; lastKnownFileType = sourcecode.c.h; path = ViewController.h; sourceTree = "<group>"; };
		FE4337EB1EE94AAA00925D4F /* ViewController.m */ = {isa = PBXFileReference; lastKnownFileType = sourcecode.c.objc; path = ViewController.m; sourceTree = "<group>"; };
		FE4337EE1EE94AAA00925D4F /* Base */ = {isa = PBXFileReference; lastKnownFileType = file.storyboard; name = Base; path = Base.lproj/Main.storyboard; sourceTree = "<group>"; };
		FE4337F01EE94AAA00925D4F /* Assets.xcassets */ = {isa = PBXFileReference; lastKnownFileType = folder.assetcatalog; path = Assets.xcassets; sourceTree = "<group>"; };
		FE4337F31EE94AAB00925D4F /* Base */ = {isa = PBXFileReference; lastKnownFileType = file.storyboard; name = Base; path = Base.lproj/LaunchScreen.storyboard; sourceTree = "<group>"; };
		FE4337F51EE94AAB00925D4F /* Info.plist */ = {isa = PBXFileReference; lastKnownFileType = text.plist.xml; path = Info.plist; sourceTree = "<group>"; };
/* End PBXFileReference section */

/* Begin PBXFrameworksBuildPhase section */
		FE4337DE1EE94AAA00925D4F /* Frameworks */ = {
			isa = PBXFrameworksBuildPhase;
			buildActionMask = 2147483647;
			files = (
			);
			runOnlyForDeploymentPostprocessing = 0;
		};
/* End PBXFrameworksBuildPhase section */

/* Begin PBXGroup section */
		FE4337D81EE94AA900925D4F = {
			isa = PBXGroup;
			children = (
				FE4337E31EE94AAA00925D4F /* Clock */,
				FE4337E21EE94AAA00925D4F /* Products */,
			);
			sourceTree = "<group>";
		};
		FE4337E21EE94AAA00925D4F /* Products */ = {
			isa = PBXGroup;
			children = (
				FE4337E11EE94AAA00925D4F /* Clock.app */,
			);
			name = Products;
			sourceTree = "<group>";
		};
		FE4337E31EE94AAA00925D4F /* Clock */ = {
			isa = PBXGroup;
			children = (
				FE4337E71EE94AAA00925D4F /* AppDelegate.h */,
				FE4337E81EE94AAA00925D4F /* AppDelegate.m */,
				FE4337EA1EE94AAA00925D4F /* ViewController.h */,
				FE4337EB1EE94AAA00925D4F /* ViewController.m */,
				FE4337ED1EE94AAA00925D4F /* Main.storyboard */,
				FE4337F01EE94AAA00925D4F /* Assets.xcassets */,
				FE4337F21EE94AAB00925D4F /* LaunchScreen.storyboard */,
				FE4337F51EE94AAB00925D4F /* Info.plist */,
				FE4337E41EE94AAA00925D4F /* Supporting Files */,
			);
			path = Clock;
			sourceTree = "<group>";
		};
		FE4337E41EE94AAA00925D4F /* Supporting Files */ = {
			isa = PBXGroup;
			children = (
				FE4337E51EE94AAA00925D4F /* main.m */,
			);
			name = "Supporting Files";
			sourceTree = "<group>";
		};
/* End PBXGroup section */

/* Begin PBXNativeTarget section */
		FE4337E01EE94AAA00925D4F /* Clock */ = {
			isa = PBXNativeTarget;
			buildConfigurationList = FE4337F81EE94AAB00925D4F /* Build configuration list for PBXNativeTarget "Clock" */;
			buildPhases = (
				FE4337DD1EE94AAA00925D4F /* Sources */,
				FE4337DE1EE94AAA00925D4F /* Frameworks */,
				FE4337DF1EE94AAA00925D4F /* Resources */,
			);
			buildRules = (
			);
			dependencies = (
			);
			name = Clock;
			productName = Clock;
			productReference = FE4337E11EE94AAA00925D4F /* Clock.app */;
			productType = "com.apple.product-type.application";
		};
/* End PBXNativeTarget section */

/* Begin PBXProject section */
		FE4337D91EE94AA900925D4F /* Project object */ = {
			isa = PBXProject;
			attributes = {
				LastUpgradeCheck = 0820;
				ORGANIZATIONNAME = "田耀琦";
				TargetAttributes = {
					FE4337E01EE94AAA00925D4F = {
						CreatedOnToolsVersion = 8.2.1;
						ProvisioningStyle = Automatic;
					};
				};
			};
			buildConfigurationList = FE4337DC1EE94AA900925D4F /* Build configuration list for PBXProject "Clock" */;
			compatibilityVersion = "Xcode 3.2";
			developmentRegion = English;
			hasScannedForEncodings = 0;
			knownRegions = (
				en,
				Base,
			);
			mainGroup = FE4337D81EE94AA900925D4F;
			productRefGroup = FE4337E21EE94AAA00925D4F /* Products */;
			projectDirPath = "";
			projectRoot = "";
			targets = (
				FE4337E01EE94AAA00925D4F /* Clock */,
			);
		};
/* End PBXProject section */

/* Begin PBXResourcesBuildPhase section */
		FE4337DF1EE94AAA00925D4F /* Resources */ = {
			isa = PBXResourcesBuildPhase;
			buildActionMask = 2147483647;
			files = (
				FE4337F41EE94AAB00925D4F /* LaunchScreen.storyboard in Resources */,
				FE4337F11EE94AAA00925D4F /* Assets.xcassets in Resources */,
				FE4337EF1EE94AAA00925D4F /* Main.storyboard in Resources */,
			);
			runOnlyForDeploymentPostprocessing = 0;
		};
/* End PBXResourcesBuildPhase section */

/* Begin PBXSourcesBuildPhase section */
		FE4337DD1EE94AAA00925D4F /* Sources */ = {
			isa = PBXSourcesBuildPhase;
			buildActionMask = 2147483647;
			files = (
				FE4337EC1EE94AAA00925D4F /* ViewController.m in Sources */,
				FE4337E91EE94AAA00925D4F /* AppDelegate.m in Sources */,
				FE4337E61EE94AAA00925D4F /* main.m in Sources */,
			);
			runOnlyForDeploymentPostprocessing = 0;
		};
/* End PBXSourcesBuildPhase section */

/* Begin PBXVariantGroup section */
		FE4337ED1EE94AAA00925D4F /* Main.storyboard */ = {
			isa = PBXVariantGroup;
			children = (
				FE4337EE1EE94AAA00925D4F /* Base */,
			);
			name = Main.storyboard;
			sourceTree = "<group>";
		};
		FE4337F21EE94AAB00925D4F /* LaunchScreen.storyboard */ = {
			isa = PBXVariantGroup;
			children = (
				FE4337F31EE94AAB00925D4F /* Base */,
			);
			name = LaunchScreen.storyboard;
			sourceTree = "<group>";
		};
/* End PBXVariantGroup section */

/* Begin XCBuildConfiguration section */
		FE4337F61EE94AAB00925D4F /* Debug */ = {
			isa = XCBuildConfiguration;
			buildSettings = {
				ALWAYS_SEARCH_USER_PATHS = NO;
				CLANG_ANALYZER_NONNULL = YES;
				CLANG_CXX_LANGUAGE_STANDARD = "gnu++0x";
				CLANG_CXX_LIBRARY = "libc++";
				CLANG_ENABLE_MODULES = YES;
				CLANG_ENABLE_OBJC_ARC = YES;
				CLANG_WARN_BOOL_CONVERSION = YES;
				CLANG_WARN_CONSTANT_CONVERSION = YES;
				CLANG_WARN_DIRECT_OBJC_ISA_USAGE = YES_ERROR;
				CLANG_WARN_DOCUMENTATION_COMMENTS = YES;
				CLANG_WARN_EMPTY_BODY = YES;
				CLANG_WARN_ENUM_CONVERSION = YES;
				CLANG_WARN_INFINITE_RECURSION = YES;
				CLANG_WARN_INT_CONVERSION = YES;
				CLANG_WARN_OBJC_ROOT_CLASS = YES_ERROR;
				CLANG_WARN_SUSPICIOUS_MOVE = YES;
				CLANG_WARN_UNREACHABLE_CODE = YES;
				CLANG_WARN__DUPLICATE_METHOD_MATCH = YES;
				"CODE_SIGN_IDENTITY[sdk=iphoneos*]" = "iPhone Developer";
				COPY_PHASE_STRIP = NO;
				DEBUG_INFORMATION_FORMAT = dwarf;
				ENABLE_STRICT_OBJC_MSGSEND = YES;
				ENABLE_TESTABILITY = YES;
				GCC_C_LANGUAGE_STANDARD = gnu99;
				GCC_DYNAMIC_NO_PIC = NO;
				GCC_NO_COMMON_BLOCKS = YES;
				GCC_OPTIMIZATION_LEVEL = 0;
				GCC_PREPROCESSOR_DEFINITIONS = (
					"DEBUG=1",
					"$(inherited)",
				);
				GCC_WARN_64_TO_32_BIT_CONVERSION = YES;
				GCC_WARN_ABOUT_RETURN_TYPE = YES_ERROR;
				GCC_WARN_UNDECLARED_SELECTOR = YES;
				GCC_WARN_UNINITIALIZED_AUTOS = YES_AGGRESSIVE;
				GCC_WARN_UNUSED_FUNCTION = YES;
				GCC_WARN_UNUSED_VARIABLE = YES;
				IPHONEOS_DEPLOYMENT_TARGET = 10.2;
				MTL_ENABLE_DEBUG_INFO = YES;
				ONLY_ACTIVE_ARCH = YES;
				SDKROOT = iphoneos;
				TARGETED_DEVICE_FAMILY = "1,2";
			};
			name = Debug;
		};
		FE4337F71EE94AAB00925D4F /* Release */ = {
			isa = XCBuildConfiguration;
			buildSettings = {
				ALWAYS_SEARCH_USER_PATHS = NO;
				CLANG_ANALYZER_NONNULL = YES;
				CLANG_CXX_LANGUAGE_STANDARD = "gnu++0x";
				CLANG_CXX_LIBRARY = "libc++";
				CLANG_ENABLE_MODULES = YES;
				CLANG_ENABLE_OBJC_ARC = YES;
				CLANG_WARN_BOOL_CONVERSION = YES;
				CLANG_WARN_CONSTANT_CONVERSION = YES;
				CLANG_WARN_DIRECT_OBJC_ISA_USAGE = YES_ERROR;
				CLANG_WARN_DOCUMENTATION_COMMENTS = YES;
				CLANG_WARN_EMPTY_BODY = YES;
				CLANG_WARN_ENUM_CONVERSION = YES;
				CLANG_WARN_INFINITE_RECURSION = YES;
				CLANG_WARN_INT_CONVERSION = YES;
				CLANG_WARN_OBJC_ROOT_CLASS = YES_ERROR;
				CLANG_WARN_SUSPICIOUS_MOVE = YES;
				CLANG_WARN_UNREACHABLE_CODE = YES;
				CLANG_WARN__DUPLICATE_METHOD_MATCH = YES;
				"CODE_SIGN_IDENTITY[sdk=iphoneos*]" = "iPhone Developer";
				COPY_PHASE_STRIP = NO;
				DEBUG_INFORMATION_FORMAT = "dwarf-with-dsym";
				ENABLE_NS_ASSERTIONS = NO;
				ENABLE_STRICT_OBJC_MSGSEND = YES;
				GCC_C_LANGUAGE_STANDARD = gnu99;
				GCC_NO_COMMON_BLOCKS = YES;
				GCC_WARN_64_TO_32_BIT_CONVERSION = YES;
				GCC_WARN_ABOUT_RETURN_TYPE = YES_ERROR;
				GCC_WARN_UNDECLARED_SELECTOR = YES;
				GCC_WARN_UNINITIALIZED_AUTOS = YES_AGGRESSIVE;
				GCC_WARN_UNUSED_FUNCTION = YES;
				GCC_WARN_UNUSED_VARIABLE = YES;
				IPHONEOS_DEPLOYMENT_TARGET = 10.2;
				MTL_ENABLE_DEBUG_INFO = NO;
				SDKROOT = iphoneos;
				TARGETED_DEVICE_FAMILY = "1,2";
				VALIDATE_PRODUCT = YES;
			};
			name = Release;
		};
		FE4337F91EE94AAB00925D4F /* Debug */ = {
			isa = XCBuildConfiguration;
			buildSettings = {
				ASSETCATALOG_COMPILER_APPICON_NAME = AppIcon;
				INFOPLIST_FILE = Clock/Info.plist;
				LD_RUNPATH_SEARCH_PATHS = "$(inherited) @executable_path/Frameworks";
				PRODUCT_BUNDLE_IDENTIFIER = com.qinong.Clock;
				PRODUCT_NAME = "$(TARGET_NAME)";
			};
			name = Debug;
		};
		FE4337FA1EE94AAB00925D4F /* Release */ = {
			isa = XCBuildConfiguration;
			buildSettings = {
				ASSETCATALOG_COMPILER_APPICON_NAME = AppIcon;
				INFOPLIST_FILE = Clock/Info.plist;
				LD_RUNPATH_SEARCH_PATHS = "$(inherited) @executable_path/Frameworks";
				PRODUCT_BUNDLE_IDENTIFIER = com.qinong.Clock;
				PRODUCT_NAME = "$(TARGET_NAME)";
			};
			name = Release;
		};
/* End XCBuildConfiguration section */

/* Begin XCConfigurationList section */
		FE4337DC1EE94AA900925D4F /* Build configuration list for PBXProject "Clock" */ = {
			isa = XCConfigurationList;
			buildConfigurations = (
				FE4337F61EE94AAB00925D4F /* Debug */,
				FE4337F71EE94AAB00925D4F /* Release */,
			);
			defaultConfigurationIsVisible = 0;
			defaultConfigurationName = Release;
		};
		FE4337F81EE94AAB00925D4F /* Build configuration list for PBXNativeTarget "Clock" */ = {
			isa = XCConfigurationList;
			buildConfigurations = (
				FE4337F91EE94AAB00925D4F /* Debug */,
				FE4337FA1EE94AAB00925D4F /* Release */,
			);
			defaultConfigurationIsVisible = 0;
		};
/* End XCConfigurationList section */
	};
	rootObject = FE4337D91EE94AA900925D4F /* Project object */;
}
